PODS:
  - AppSwizzle (1.1.2)
  - LeakEye (1.1.3):
    - AppSwizzle (~> 1.1.2)

DEPENDENCIES:
  - LeakEye (from `../`)

SPEC REPOS:
  https://github.com/CocoaPods/Specs.git:
    - AppSwizzle

EXTERNAL SOURCES:
  LeakEye:
    :path: "../"

SPEC CHECKSUMS:
  AppSwizzle: 45d1a9d71821e7e1bb3a2a503c2979ca6fe4e46d
  LeakEye: 16783431129e8c36a07a7c06b273ad30ce2e82ed

PODFILE CHECKSUM: 63e89493110ff745cf47b7b8f73f2abfa6f21719

COCOAPODS: 1.5.0
